
Microsoft Visual Studio Solution File, Format Version 12.00
# Visual Studio Express 2012 for Windows Desktop
Project("{8BC9CEB8-8B4A-11D0-8D11-00A0C91BC942}") = "Axis", "Axis\Axis.vcxproj", "{128616AE-BF37-4335-AA97-CF1AE795AB31}"
EndProject
Project("{8BC9CEB8-8B4A-11D0-8D11-00A0C91BC942}") = "AxModuleFbx", "AxModuleFbx\AxModuleFbx.vcxproj", "{F9B98015-E4E6-41E4-A684-5199A594A750}"
	ProjectSection(ProjectDependencies) = postProject
		{128616AE-BF37-4335-AA97-CF1AE795AB31} = {128616AE-BF37-4335-AA97-CF1AE795AB31}
	EndProjectSection
EndProject
Project("{8BC9CEB8-8B4A-11D0-8D11-00A0C91BC942}") = "AxModuleDevIL", "AxModuleDevIL\AxModuleDevIL.vcxproj", "{C08508C4-CFCA-499E-BB6D-6E261578D21C}"
	ProjectSection(ProjectDependencies) = postProject
		{128616AE-BF37-4335-AA97-CF1AE795AB31} = {128616AE-BF37-4335-AA97-CF1AE795AB31}
	EndProjectSection
EndProject
Project("{8BC9CEB8-8B4A-11D0-8D11-00A0C91BC942}") = "AxModuleDirect3D11", "AxModuleDirect3D11\AxModuleDirect3D11.vcxproj", "{C93AA474-3BB9-41C3-BCAD-D7ECAC938DB9}"
	ProjectSection(ProjectDependencies) = postProject
		{128616AE-BF37-4335-AA97-CF1AE795AB31} = {128616AE-BF37-4335-AA97-CF1AE795AB31}
	EndProjectSection
EndProject
Project("{8BC9CEB8-8B4A-11D0-8D11-00A0C91BC942}") = "AxModuleOpenAL", "AxModuleOpenAL\AxModuleOpenAL.vcxproj", "{9EC5404A-0E7B-46E1-8B2D-E7F516BC5A86}"
	ProjectSection(ProjectDependencies) = postProject
		{128616AE-BF37-4335-AA97-CF1AE795AB31} = {128616AE-BF37-4335-AA97-CF1AE795AB31}
	EndProjectSection
EndProject
Project("{8BC9CEB8-8B4A-11D0-8D11-00A0C91BC942}") = "AxModuleOGGVorbis", "AxModuleOGGVorbis\AxModuleOGGVorbis.vcxproj", "{37420012-19E8-4159-8676-923DEF4F0356}"
	ProjectSection(ProjectDependencies) = postProject
		{128616AE-BF37-4335-AA97-CF1AE795AB31} = {128616AE-BF37-4335-AA97-CF1AE795AB31}
	EndProjectSection
EndProject
Project("{8BC9CEB8-8B4A-11D0-8D11-00A0C91BC942}") = "AxModuleOpenGL", "AxModuleOpenGL\AxModuleOpenGL.vcxproj", "{3859BF69-0229-4EF8-AD9F-200D9242D92B}"
	ProjectSection(ProjectDependencies) = postProject
		{128616AE-BF37-4335-AA97-CF1AE795AB31} = {128616AE-BF37-4335-AA97-CF1AE795AB31}
	EndProjectSection
EndProject
Project("{8BC9CEB8-8B4A-11D0-8D11-00A0C91BC942}") = "HostApp", "HostApp\HostApp.vcxproj", "{30B2B07F-26F5-4940-A419-295D2F0270CF}"
	ProjectSection(ProjectDependencies) = postProject
		{37420012-19E8-4159-8676-923DEF4F0356} = {37420012-19E8-4159-8676-923DEF4F0356}
		{F9B98015-E4E6-41E4-A684-5199A594A750} = {F9B98015-E4E6-41E4-A684-5199A594A750}
		{9EC5404A-0E7B-46E1-8B2D-E7F516BC5A86} = {9EC5404A-0E7B-46E1-8B2D-E7F516BC5A86}
		{3859BF69-0229-4EF8-AD9F-200D9242D92B} = {3859BF69-0229-4EF8-AD9F-200D9242D92B}
		{C93AA474-3BB9-41C3-BCAD-D7ECAC938DB9} = {C93AA474-3BB9-41C3-BCAD-D7ECAC938DB9}
		{634A40A5-727C-4C42-A345-6AD55B74930A} = {634A40A5-727C-4C42-A345-6AD55B74930A}
		{128616AE-BF37-4335-AA97-CF1AE795AB31} = {128616AE-BF37-4335-AA97-CF1AE795AB31}
		{C08508C4-CFCA-499E-BB6D-6E261578D21C} = {C08508C4-CFCA-499E-BB6D-6E261578D21C}
	EndProjectSection
EndProject
Project("{8BC9CEB8-8B4A-11D0-8D11-00A0C91BC942}") = "AxModuleDirectInput", "AxModuleDirectInput\AxModuleDirectInput.vcxproj", "{634A40A5-727C-4C42-A345-6AD55B74930A}"
	ProjectSection(ProjectDependencies) = postProject
		{128616AE-BF37-4335-AA97-CF1AE795AB31} = {128616AE-BF37-4335-AA97-CF1AE795AB31}
	EndProjectSection
EndProject
Global
	GlobalSection(SolutionConfigurationPlatforms) = preSolution
		Debug|Win32 = Debug|Win32
		Release|Win32 = Release|Win32
	EndGlobalSection
	GlobalSection(ProjectConfigurationPlatforms) = postSolution
		{128616AE-BF37-4335-AA97-CF1AE795AB31}.Debug|Win32.ActiveCfg = Debug|Win32
		{128616AE-BF37-4335-AA97-CF1AE795AB31}.Debug|Win32.Build.0 = Debug|Win32
		{128616AE-BF37-4335-AA97-CF1AE795AB31}.Release|Win32.ActiveCfg = Release|Win32
		{128616AE-BF37-4335-AA97-CF1AE795AB31}.Release|Win32.Build.0 = Release|Win32
		{F9B98015-E4E6-41E4-A684-5199A594A750}.Debug|Win32.ActiveCfg = Debug|Win32
		{F9B98015-E4E6-41E4-A684-5199A594A750}.Debug|Win32.Build.0 = Debug|Win32
		{F9B98015-E4E6-41E4-A684-5199A594A750}.Release|Win32.ActiveCfg = Release|Win32
		{F9B98015-E4E6-41E4-A684-5199A594A750}.Release|Win32.Build.0 = Release|Win32
		{C08508C4-CFCA-499E-BB6D-6E261578D21C}.Debug|Win32.ActiveCfg = Debug|Win32
		{C08508C4-CFCA-499E-BB6D-6E261578D21C}.Debug|Win32.Build.0 = Debug|Win32
		{C08508C4-CFCA-499E-BB6D-6E261578D21C}.Release|Win32.ActiveCfg = Release|Win32
		{C08508C4-CFCA-499E-BB6D-6E261578D21C}.Release|Win32.Build.0 = Release|Win32
		{C93AA474-3BB9-41C3-BCAD-D7ECAC938DB9}.Debug|Win32.ActiveCfg = Debug|Win32
		{C93AA474-3BB9-41C3-BCAD-D7ECAC938DB9}.Debug|Win32.Build.0 = Debug|Win32
		{C93AA474-3BB9-41C3-BCAD-D7ECAC938DB9}.Release|Win32.ActiveCfg = Release|Win32
		{C93AA474-3BB9-41C3-BCAD-D7ECAC938DB9}.Release|Win32.Build.0 = Release|Win32
		{9EC5404A-0E7B-46E1-8B2D-E7F516BC5A86}.Debug|Win32.ActiveCfg = Debug|Win32
		{9EC5404A-0E7B-46E1-8B2D-E7F516BC5A86}.Debug|Win32.Build.0 = Debug|Win32
		{9EC5404A-0E7B-46E1-8B2D-E7F516BC5A86}.Release|Win32.ActiveCfg = Release|Win32
		{9EC5404A-0E7B-46E1-8B2D-E7F516BC5A86}.Release|Win32.Build.0 = Release|Win32
		{37420012-19E8-4159-8676-923DEF4F0356}.Debug|Win32.ActiveCfg = Debug|Win32
		{37420012-19E8-4159-8676-923DEF4F0356}.Debug|Win32.Build.0 = Debug|Win32
		{37420012-19E8-4159-8676-923DEF4F0356}.Release|Win32.ActiveCfg = Release|Win32
		{37420012-19E8-4159-8676-923DEF4F0356}.Release|Win32.Build.0 = Release|Win32
		{3859BF69-0229-4EF8-AD9F-200D9242D92B}.Debug|Win32.ActiveCfg = Debug|Win32
		{3859BF69-0229-4EF8-AD9F-200D9242D92B}.Debug|Win32.Build.0 = Debug|Win32
		{3859BF69-0229-4EF8-AD9F-200D9242D92B}.Release|Win32.ActiveCfg = Release|Win32
		{3859BF69-0229-4EF8-AD9F-200D9242D92B}.Release|Win32.Build.0 = Release|Win32
		{30B2B07F-26F5-4940-A419-295D2F0270CF}.Debug|Win32.ActiveCfg = Debug|Win32
		{30B2B07F-26F5-4940-A419-295D2F0270CF}.Debug|Win32.Build.0 = Debug|Win32
		{30B2B07F-26F5-4940-A419-295D2F0270CF}.Release|Win32.ActiveCfg = Release|Win32
		{30B2B07F-26F5-4940-A419-295D2F0270CF}.Release|Win32.Build.0 = Release|Win32
		{634A40A5-727C-4C42-A345-6AD55B74930A}.Debug|Win32.ActiveCfg = Debug|Win32
		{634A40A5-727C-4C42-A345-6AD55B74930A}.Debug|Win32.Build.0 = Debug|Win32
		{634A40A5-727C-4C42-A345-6AD55B74930A}.Release|Win32.ActiveCfg = Release|Win32
		{634A40A5-727C-4C42-A345-6AD55B74930A}.Release|Win32.Build.0 = Release|Win32
	EndGlobalSection
	GlobalSection(SolutionProperties) = preSolution
		HideSolutionNode = FALSE
	EndGlobalSection
EndGlobal
